{
  "requires": true,
  "lockfileVersion": 1,
  "dependencies": {
    "jquery": {
      "version": "3.6.1",
      "resolved": "https://registry.npmjs.org/jquery/-/jquery-3.6.1.tgz",
      "integrity": "sha512-opJeO4nCucVnsjiXOE+/PcCgYw9Gwpvs/a6B1LL/lQhwWwpbVEVYDZ1FokFr8PRc7ghYlrFPuyHuiiDNTQxmcw=="
    },
    "jquery-color": {
      "version": "2.2.0",
      "resolved": "https://registry.npmjs.org/jquery-color/-/jquery-color-2.2.0.tgz",
      "integrity": "sha512-4VoxsLMw860EQGNT/TmP3Lbr7/1OCQlBPS4ILj7bxRApJrPQfpqzdIOTY8Ll9nGY7UHtWqDuzR7cUcS1lcWjVw=="
    }
  }
}
