{
  "requires": true,
  "lockfileVersion": 1,
  "dependencies": {
    "mixbox": {
      "version": "2.0.0",
      "resolved": "https://registry.npmjs.org/mixbox/-/mixbox-2.0.0.tgz",
      "integrity": "sha512-IfiwKB67dvzHv2XGjK/awiOOawNgi5VVoE+/ZMH8xedGrt9S8e91tvAIB2leq6fZPdlmGsG/j/nQTMAO8kKw2Q=="
    }
  }
}
